
Microsoft Visual Studio Solution File, Format Version 12.00
# Visual Studio Version 16
VisualStudioVersion = 16.0.32002.261
MinimumVisualStudioVersion = 10.0.40219.1
Project("{FAE04EC0-301F-11D3-BF4B-00C04F79EFBC}") = "snake games", "snake games.csproj", "{FCD37349-5055-48CE-B8AB-CC6F9B3344B7}"
EndProject
Global
	GlobalSection(SolutionConfigurationPlatforms) = preSolution
		Debug|Any CPU = Debug|Any CPU
		Release|Any CPU = Release|Any CPU
	EndGlobalSection
	GlobalSection(ProjectConfigurationPlatforms) = postSolution
		{FCD37349-5055-48CE-B8AB-CC6F9B3344B7}.Debug|Any CPU.ActiveCfg = Debug|Any CPU
		{FCD37349-5055-48CE-B8AB-CC6F9B3344B7}.Debug|Any CPU.Build.0 = Debug|Any CPU
		{FCD37349-5055-48CE-B8AB-CC6F9B3344B7}.Release|Any CPU.ActiveCfg = Release|Any CPU
		{FCD37349-5055-48CE-B8AB-CC6F9B3344B7}.Release|Any CPU.Build.0 = Release|Any CPU
	EndGlobalSection
	GlobalSection(SolutionProperties) = preSolution
		HideSolutionNode = FALSE
	EndGlobalSection
	GlobalSection(ExtensibilityGlobals) = postSolution
		SolutionGuid = {CEECAF1C-E646-4307-B4EF-08AC0BE95A88}
	EndGlobalSection
EndGlobal
